// !$*UTF8*$!
{
	archiveVersion = 1;
	classes = {
	};
	objectVersion = 46;
	objects = {

/* Begin PBXBuildFile section */
		DA52BF401D278E060026EBD4 /* AppDelegate.swift in Sources */ = {isa = PBXBuildFile; fileRef = DA52BF3F1D278E060026EBD4 /* AppDelegate.swift */; };
		DA52BF421D278E060026EBD4 /* SearchControllerForTableHeaderViewController.swift in Sources */ = {isa = PBXBuildFile; fileRef = DA52BF411D278E060026EBD4 /* SearchControllerForTableHeaderViewController.swift */; };
		DA52BF451D278E060026EBD4 /* Main.storyboard in Resources */ = {isa = PBXBuildFile; fileRef = DA52BF431D278E060026EBD4 /* Main.storyboard */; };
		DA52BF471D278E060026EBD4 /* Assets.xcassets in Resources */ = {isa = PBXBuildFile; fileRef = DA52BF461D278E060026EBD4 /* Assets.xcassets */; };
		DA52BF4A1D278E060026EBD4 /* LaunchScreen.storyboard in Resources */ = {isa = PBXBuildFile; fileRef = DA52BF481D278E060026EBD4 /* LaunchScreen.storyboard */; };
		DA52BF551D278E060026EBD4 /* UISearchControllerTests.swift in Sources */ = {isa = PBXBuildFile; fileRef = DA52BF541D278E060026EBD4 /* UISearchControllerTests.swift */; };
		DA52BF601D278E060026EBD4 /* UISearchControllerUITests.swift in Sources */ = {isa = PBXBuildFile; fileRef = DA52BF5F1D278E060026EBD4 /* UISearchControllerUITests.swift */; };
		DA52BF6E1D2790830026EBD4 /* SearchResultsController.swift in Sources */ = {isa = PBXBuildFile; fileRef = DA52BF6D1D2790830026EBD4 /* SearchResultsController.swift */; };
		DA52BF701D27AFC40026EBD4 /* SearchControllerForNavigationBarViewController.swift in Sources */ = {isa = PBXBuildFile; fileRef = DA52BF6F1D27AFC40026EBD4 /* SearchControllerForNavigationBarViewController.swift */; };
		DA52BF721D28EA930026EBD4 /* ResultDetailViewController.swift in Sources */ = {isa = PBXBuildFile; fileRef = DA52BF711D28EA930026EBD4 /* ResultDetailViewController.swift */; };
		DA52BF761D28F0E80026EBD4 /* UIAppearance+Swift.m in Sources */ = {isa = PBXBuildFile; fileRef = DA52BF751D28F0E80026EBD4 /* UIAppearance+Swift.m */; };
/* End PBXBuildFile section */

/* Begin PBXContainerItemProxy section */
		DA52BF511D278E060026EBD4 /* PBXContainerItemProxy */ = {
			isa = PBXContainerItemProxy;
			containerPortal = DA52BF341D278E050026EBD4 /* Project object */;
			proxyType = 1;
			remoteGlobalIDString = DA52BF3B1D278E050026EBD4;
			remoteInfo = UISearchController;
		};
		DA52BF5C1D278E060026EBD4 /* PBXContainerItemProxy */ = {
			isa = PBXContainerItemProxy;
			containerPortal = DA52BF341D278E050026EBD4 /* Project object */;
			proxyType = 1;
			remoteGlobalIDString = DA52BF3B1D278E050026EBD4;
			remoteInfo = UISearchController;
		};
/* End PBXContainerItemProxy section */

/* Begin PBXFileReference section */
		DA52BF3C1D278E050026EBD4 /* UISearchController.app */ = {isa = PBXFileReference; explicitFileType = wrapper.application; includeInIndex = 0; path = UISearchController.app; sourceTree = BUILT_PRODUCTS_DIR; };
		DA52BF3F1D278E060026EBD4 /* AppDelegate.swift */ = {isa = PBXFileReference; lastKnownFileType = sourcecode.swift; path = AppDelegate.swift; sourceTree = "<group>"; };
		DA52BF411D278E060026EBD4 /* SearchControllerForTableHeaderViewController.swift */ = {isa = PBXFileReference; lastKnownFileType = sourcecode.swift; path = SearchControllerForTableHeaderViewController.swift; sourceTree = "<group>"; };
		DA52BF441D278E060026EBD4 /* Base */ = {isa = PBXFileReference; lastKnownFileType = file.storyboard; name = Base; path = Base.lproj/Main.storyboard; sourceTree = "<group>"; };
		DA52BF461D278E060026EBD4 /* Assets.xcassets */ = {isa = PBXFileReference; lastKnownFileType = folder.assetcatalog; path = Assets.xcassets; sourceTree = "<group>"; };
		DA52BF491D278E060026EBD4 /* Base */ = {isa = PBXFileReference; lastKnownFileType = file.storyboard; name = Base; path = Base.lproj/LaunchScreen.storyboard; sourceTree = "<group>"; };
		DA52BF4B1D278E060026EBD4 /* Info.plist */ = {isa = PBXFileReference; lastKnownFileType = text.plist.xml; path = Info.plist; sourceTree = "<group>"; };
		DA52BF501D278E060026EBD4 /* UISearchControllerTests.xctest */ = {isa = PBXFileReference; explicitFileType = wrapper.cfbundle; includeInIndex = 0; path = UISearchControllerTests.xctest; sourceTree = BUILT_PRODUCTS_DIR; };
		DA52BF541D278E060026EBD4 /* UISearchControllerTests.swift */ = {isa = PBXFileReference; lastKnownFileType = sourcecode.swift; path = UISearchControllerTests.swift; sourceTree = "<group>"; };
		DA52BF561D278E060026EBD4 /* Info.plist */ = {isa = PBXFileReference; lastKnownFileType = text.plist.xml; path = Info.plist; sourceTree = "<group>"; };
		DA52BF5B1D278E060026EBD4 /* UISearchControllerUITests.xctest */ = {isa = PBXFileReference; explicitFileType = wrapper.cfbundle; includeInIndex = 0; path = UISearchControllerUITests.xctest; sourceTree = BUILT_PRODUCTS_DIR; };
		DA52BF5F1D278E060026EBD4 /* UISearchControllerUITests.swift */ = {isa = PBXFileReference; lastKnownFileType = sourcecode.swift; path = UISearchControllerUITests.swift; sourceTree = "<group>"; };
		DA52BF611D278E060026EBD4 /* Info.plist */ = {isa = PBXFileReference; lastKnownFileType = text.plist.xml; path = Info.plist; sourceTree = "<group>"; };
		DA52BF6D1D2790830026EBD4 /* SearchResultsController.swift */ = {isa = PBXFileReference; fileEncoding = 4; lastKnownFileType = sourcecode.swift; path = SearchResultsController.swift; sourceTree = "<group>"; };
		DA52BF6F1D27AFC40026EBD4 /* SearchControllerForNavigationBarViewController.swift */ = {isa = PBXFileReference; fileEncoding = 4; lastKnownFileType = sourcecode.swift; path = SearchControllerForNavigationBarViewController.swift; sourceTree = "<group>"; };
		DA52BF711D28EA930026EBD4 /* ResultDetailViewController.swift */ = {isa = PBXFileReference; fileEncoding = 4; lastKnownFileType = sourcecode.swift; path = ResultDetailViewController.swift; sourceTree = "<group>"; };
		DA52BF731D28F0E80026EBD4 /* UISearchController-Bridging-Header.h */ = {isa = PBXFileReference; lastKnownFileType = sourcecode.c.h; path = "UISearchController-Bridging-Header.h"; sourceTree = "<group>"; };
		DA52BF741D28F0E80026EBD4 /* UIAppearance+Swift.h */ = {isa = PBXFileReference; fileEncoding = 4; lastKnownFileType = sourcecode.c.h; path = "UIAppearance+Swift.h"; sourceTree = "<group>"; };
		DA52BF751D28F0E80026EBD4 /* UIAppearance+Swift.m */ = {isa = PBXFileReference; fileEncoding = 4; lastKnownFileType = sourcecode.c.objc; path = "UIAppearance+Swift.m"; sourceTree = "<group>"; };
/* End PBXFileReference section */

/* Begin PBXFrameworksBuildPhase section */
		DA52BF391D278E050026EBD4 /* Frameworks */ = {
			isa = PBXFrameworksBuildPhase;
			buildActionMask = 2147483647;
			files = (
			);
			runOnlyForDeploymentPostprocessing = 0;
		};
		DA52BF4D1D278E060026EBD4 /* Frameworks */ = {
			isa = PBXFrameworksBuildPhase;
			buildActionMask = 2147483647;
			files = (
			);
			runOnlyForDeploymentPostprocessing = 0;
		};
		DA52BF581D278E060026EBD4 /* Frameworks */ = {
			isa = PBXFrameworksBuildPhase;
			buildActionMask = 2147483647;
			files = (
			);
			runOnlyForDeploymentPostprocessing = 0;
		};
/* End PBXFrameworksBuildPhase section */

/* Begin PBXGroup section */
		DA52BF331D278E050026EBD4 = {
			isa = PBXGroup;
			children = (
				DA52BF3E1D278E060026EBD4 /* UISearchController */,
				DA52BF531D278E060026EBD4 /* UISearchControllerTests */,
				DA52BF5E1D278E060026EBD4 /* UISearchControllerUITests */,
				DA52BF3D1D278E050026EBD4 /* Products */,
			);
			sourceTree = "<group>";
		};
		DA52BF3D1D278E050026EBD4 /* Products */ = {
			isa = PBXGroup;
			children = (
				DA52BF3C1D278E050026EBD4 /* UISearchController.app */,
				DA52BF501D278E060026EBD4 /* UISearchControllerTests.xctest */,
				DA52BF5B1D278E060026EBD4 /* UISearchControllerUITests.xctest */,
			);
			name = Products;
			sourceTree = "<group>";
		};
		DA52BF3E1D278E060026EBD4 /* UISearchController */ = {
			isa = PBXGroup;
			children = (
				DA52BF3F1D278E060026EBD4 /* AppDelegate.swift */,
				DA52BF411D278E060026EBD4 /* SearchControllerForTableHeaderViewController.swift */,
				DA52BF6F1D27AFC40026EBD4 /* SearchControllerForNavigationBarViewController.swift */,
				DA52BF6D1D2790830026EBD4 /* SearchResultsController.swift */,
				DA52BF711D28EA930026EBD4 /* ResultDetailViewController.swift */,
				DA52BF741D28F0E80026EBD4 /* UIAppearance+Swift.h */,
				DA52BF751D28F0E80026EBD4 /* UIAppearance+Swift.m */,
				DA52BF431D278E060026EBD4 /* Main.storyboard */,
				DA52BF461D278E060026EBD4 /* Assets.xcassets */,
				DA52BF481D278E060026EBD4 /* LaunchScreen.storyboard */,
				DA52BF4B1D278E060026EBD4 /* Info.plist */,
				DA52BF731D28F0E80026EBD4 /* UISearchController-Bridging-Header.h */,
			);
			path = UISearchController;
			sourceTree = "<group>";
		};
		DA52BF531D278E060026EBD4 /* UISearchControllerTests */ = {
			isa = PBXGroup;
			children = (
				DA52BF541D278E060026EBD4 /* UISearchControllerTests.swift */,
				DA52BF561D278E060026EBD4 /* Info.plist */,
			);
			path = UISearchControllerTests;
			sourceTree = "<group>";
		};
		DA52BF5E1D278E060026EBD4 /* UISearchControllerUITests */ = {
			isa = PBXGroup;
			children = (
				DA52BF5F1D278E060026EBD4 /* UISearchControllerUITests.swift */,
				DA52BF611D278E060026EBD4 /* Info.plist */,
			);
			path = UISearchControllerUITests;
			sourceTree = "<group>";
		};
/* End PBXGroup section */

/* Begin PBXNativeTarget section */
		DA52BF3B1D278E050026EBD4 /* UISearchController */ = {
			isa = PBXNativeTarget;
			buildConfigurationList = DA52BF641D278E060026EBD4 /* Build configuration list for PBXNativeTarget "UISearchController" */;
			buildPhases = (
				DA52BF381D278E050026EBD4 /* Sources */,
				DA52BF391D278E050026EBD4 /* Frameworks */,
				DA52BF3A1D278E050026EBD4 /* Resources */,
			);
			buildRules = (
			);
			dependencies = (
			);
			name = UISearchController;
			productName = UISearchController;
			productReference = DA52BF3C1D278E050026EBD4 /* UISearchController.app */;
			productType = "com.apple.product-type.application";
		};
		DA52BF4F1D278E060026EBD4 /* UISearchControllerTests */ = {
			isa = PBXNativeTarget;
			buildConfigurationList = DA52BF671D278E060026EBD4 /* Build configuration list for PBXNativeTarget "UISearchControllerTests" */;
			buildPhases = (
				DA52BF4C1D278E060026EBD4 /* Sources */,
				DA52BF4D1D278E060026EBD4 /* Frameworks */,
				DA52BF4E1D278E060026EBD4 /* Resources */,
			);
			buildRules = (
			);
			dependencies = (
				DA52BF521D278E060026EBD4 /* PBXTargetDependency */,
			);
			name = UISearchControllerTests;
			productName = UISearchControllerTests;
			productReference = DA52BF501D278E060026EBD4 /* UISearchControllerTests.xctest */;
			productType = "com.apple.product-type.bundle.unit-test";
		};
		DA52BF5A1D278E060026EBD4 /* UISearchControllerUITests */ = {
			isa = PBXNativeTarget;
			buildConfigurationList = DA52BF6A1D278E060026EBD4 /* Build configuration list for PBXNativeTarget "UISearchControllerUITests" */;
			buildPhases = (
				DA52BF571D278E060026EBD4 /* Sources */,
				DA52BF581D278E060026EBD4 /* Frameworks */,
				DA52BF591D278E060026EBD4 /* Resources */,
			);
			buildRules = (
			);
			dependencies = (
				DA52BF5D1D278E060026EBD4 /* PBXTargetDependency */,
			);
			name = UISearchControllerUITests;
			productName = UISearchControllerUITests;
			productReference = DA52BF5B1D278E060026EBD4 /* UISearchControllerUITests.xctest */;
			productType = "com.apple.product-type.bundle.ui-testing";
		};
/* End PBXNativeTarget section */

/* Begin PBXProject section */
		DA52BF341D278E050026EBD4 /* Project object */ = {
			isa = PBXProject;
			attributes = {
				LastSwiftUpdateCheck = 0720;
				LastUpgradeCheck = 0720;
				ORGANIZATIONNAME = "吕建廷";
				TargetAttributes = {
					DA52BF3B1D278E050026EBD4 = {
						CreatedOnToolsVersion = 7.2;
					};
					DA52BF4F1D278E060026EBD4 = {
						CreatedOnToolsVersion = 7.2;
						TestTargetID = DA52BF3B1D278E050026EBD4;
					};
					DA52BF5A1D278E060026EBD4 = {
						CreatedOnToolsVersion = 7.2;
						TestTargetID = DA52BF3B1D278E050026EBD4;
					};
				};
			};
			buildConfigurationList = DA52BF371D278E050026EBD4 /* Build configuration list for PBXProject "UISearchController" */;
			compatibilityVersion = "Xcode 3.2";
			developmentRegion = English;
			hasScannedForEncodings = 0;
			knownRegions = (
				en,
				Base,
			);
			mainGroup = DA52BF331D278E050026EBD4;
			productRefGroup = DA52BF3D1D278E050026EBD4 /* Products */;
			projectDirPath = "";
			projectRoot = "";
			targets = (
				DA52BF3B1D278E050026EBD4 /* UISearchController */,
				DA52BF4F1D278E060026EBD4 /* UISearchControllerTests */,
				DA52BF5A1D278E060026EBD4 /* UISearchControllerUITests */,
			);
		};
/* End PBXProject section */

/* Begin PBXResourcesBuildPhase section */
		DA52BF3A1D278E050026EBD4 /* Resources */ = {
			isa = PBXResourcesBuildPhase;
			buildActionMask = 2147483647;
			files = (
				DA52BF4A1D278E060026EBD4 /* LaunchScreen.storyboard in Resources */,
				DA52BF471D278E060026EBD4 /* Assets.xcassets in Resources */,
				DA52BF451D278E060026EBD4 /* Main.storyboard in Resources */,
			);
			runOnlyForDeploymentPostprocessing = 0;
		};
		DA52BF4E1D278E060026EBD4 /* Resources */ = {
			isa = PBXResourcesBuildPhase;
			buildActionMask = 2147483647;
			files = (
			);
			runOnlyForDeploymentPostprocessing = 0;
		};
		DA52BF591D278E060026EBD4 /* Resources */ = {
			isa = PBXResourcesBuildPhase;
			buildActionMask = 2147483647;
			files = (
			);
			runOnlyForDeploymentPostprocessing = 0;
		};
/* End PBXResourcesBuildPhase section */

/* Begin PBXSourcesBuildPhase section */
		DA52BF381D278E050026EBD4 /* Sources */ = {
			isa = PBXSourcesBuildPhase;
			buildActionMask = 2147483647;
			files = (
				DA52BF701D27AFC40026EBD4 /* SearchControllerForNavigationBarViewController.swift in Sources */,
				DA52BF421D278E060026EBD4 /* SearchControllerForTableHeaderViewController.swift in Sources */,
				DA52BF401D278E060026EBD4 /* AppDelegate.swift in Sources */,
				DA52BF721D28EA930026EBD4 /* ResultDetailViewController.swift in Sources */,
				DA52BF6E1D2790830026EBD4 /* SearchResultsController.swift in Sources */,
				DA52BF761D28F0E80026EBD4 /* UIAppearance+Swift.m in Sources */,
			);
			runOnlyForDeploymentPostprocessing = 0;
		};
		DA52BF4C1D278E060026EBD4 /* Sources */ = {
			isa = PBXSourcesBuildPhase;
			buildActionMask = 2147483647;
			files = (
				DA52BF551D278E060026EBD4 /* UISearchControllerTests.swift in Sources */,
			);
			runOnlyForDeploymentPostprocessing = 0;
		};
		DA52BF571D278E060026EBD4 /* Sources */ = {
			isa = PBXSourcesBuildPhase;
			buildActionMask = 2147483647;
			files = (
				DA52BF601D278E060026EBD4 /* UISearchControllerUITests.swift in Sources */,
			);
			runOnlyForDeploymentPostprocessing = 0;
		};
/* End PBXSourcesBuildPhase section */

/* Begin PBXTargetDependency section */
		DA52BF521D278E060026EBD4 /* PBXTargetDependency */ = {
			isa = PBXTargetDependency;
			target = DA52BF3B1D278E050026EBD4 /* UISearchController */;
			targetProxy = DA52BF511D278E060026EBD4 /* PBXContainerItemProxy */;
		};
		DA52BF5D1D278E060026EBD4 /* PBXTargetDependency */ = {
			isa = PBXTargetDependency;
			target = DA52BF3B1D278E050026EBD4 /* UISearchController */;
			targetProxy = DA52BF5C1D278E060026EBD4 /* PBXContainerItemProxy */;
		};
/* End PBXTargetDependency section */

/* Begin PBXVariantGroup section */
		DA52BF431D278E060026EBD4 /* Main.storyboard */ = {
			isa = PBXVariantGroup;
			children = (
				DA52BF441D278E060026EBD4 /* Base */,
			);
			name = Main.storyboard;
			sourceTree = "<group>";
		};
		DA52BF481D278E060026EBD4 /* LaunchScreen.storyboard */ = {
			isa = PBXVariantGroup;
			children = (
				DA52BF491D278E060026EBD4 /* Base */,
			);
			name = LaunchScreen.storyboard;
			sourceTree = "<group>";
		};
/* End PBXVariantGroup section */

/* Begin XCBuildConfiguration section */
		DA52BF621D278E060026EBD4 /* Debug */ = {
			isa = XCBuildConfiguration;
			buildSettings = {
				ALWAYS_SEARCH_USER_PATHS = NO;
				CLANG_CXX_LANGUAGE_STANDARD = "gnu++0x";
				CLANG_CXX_LIBRARY = "libc++";
				CLANG_ENABLE_MODULES = YES;
				CLANG_ENABLE_OBJC_ARC = YES;
				CLANG_WARN_BOOL_CONVERSION = YES;
				CLANG_WARN_CONSTANT_CONVERSION = YES;
				CLANG_WARN_DIRECT_OBJC_ISA_USAGE = YES_ERROR;
				CLANG_WARN_EMPTY_BODY = YES;
				CLANG_WARN_ENUM_CONVERSION = YES;
				CLANG_WARN_INT_CONVERSION = YES;
				CLANG_WARN_OBJC_ROOT_CLASS = YES_ERROR;
				CLANG_WARN_UNREACHABLE_CODE = YES;
				CLANG_WARN__DUPLICATE_METHOD_MATCH = YES;
				"CODE_SIGN_IDENTITY[sdk=iphoneos*]" = "iPhone Developer";
				COPY_PHASE_STRIP = NO;
				DEBUG_INFORMATION_FORMAT = dwarf;
				ENABLE_STRICT_OBJC_MSGSEND = YES;
				ENABLE_TESTABILITY = YES;
				GCC_C_LANGUAGE_STANDARD = gnu99;
				GCC_DYNAMIC_NO_PIC = NO;
				GCC_NO_COMMON_BLOCKS = YES;
				GCC_OPTIMIZATION_LEVEL = 0;
				GCC_PREPROCESSOR_DEFINITIONS = (
					"DEBUG=1",
					"$(inherited)",
				);
				GCC_WARN_64_TO_32_BIT_CONVERSION = YES;
				GCC_WARN_ABOUT_RETURN_TYPE = YES_ERROR;
				GCC_WARN_UNDECLARED_SELECTOR = YES;
				GCC_WARN_UNINITIALIZED_AUTOS = YES_AGGRESSIVE;
				GCC_WARN_UNUSED_FUNCTION = YES;
				GCC_WARN_UNUSED_VARIABLE = YES;
				IPHONEOS_DEPLOYMENT_TARGET = 8.0;
				MTL_ENABLE_DEBUG_INFO = YES;
				ONLY_ACTIVE_ARCH = YES;
				SDKROOT = iphoneos;
				SWIFT_OPTIMIZATION_LEVEL = "-Onone";
				TARGETED_DEVICE_FAMILY = "1,2";
			};
			name = Debug;
		};
		DA52BF631D278E060026EBD4 /* Release */ = {
			isa = XCBuildConfiguration;
			buildSettings = {
				ALWAYS_SEARCH_USER_PATHS = NO;
				CLANG_CXX_LANGUAGE_STANDARD = "gnu++0x";
				CLANG_CXX_LIBRARY = "libc++";
				CLANG_ENABLE_MODULES = YES;
				CLANG_ENABLE_OBJC_ARC = YES;
				CLANG_WARN_BOOL_CONVERSION = YES;
				CLANG_WARN_CONSTANT_CONVERSION = YES;
				CLANG_WARN_DIRECT_OBJC_ISA_USAGE = YES_ERROR;
				CLANG_WARN_EMPTY_BODY = YES;
				CLANG_WARN_ENUM_CONVERSION = YES;
				CLANG_WARN_INT_CONVERSION = YES;
				CLANG_WARN_OBJC_ROOT_CLASS = YES_ERROR;
				CLANG_WARN_UNREACHABLE_CODE = YES;
				CLANG_WARN__DUPLICATE_METHOD_MATCH = YES;
				"CODE_SIGN_IDENTITY[sdk=iphoneos*]" = "iPhone Developer";
				COPY_PHASE_STRIP = NO;
				DEBUG_INFORMATION_FORMAT = "dwarf-with-dsym";
				ENABLE_NS_ASSERTIONS = NO;
				ENABLE_STRICT_OBJC_MSGSEND = YES;
				GCC_C_LANGUAGE_STANDARD = gnu99;
				GCC_NO_COMMON_BLOCKS = YES;
				GCC_WARN_64_TO_32_BIT_CONVERSION = YES;
				GCC_WARN_ABOUT_RETURN_TYPE = YES_ERROR;
				GCC_WARN_UNDECLARED_SELECTOR = YES;
				GCC_WARN_UNINITIALIZED_AUTOS = YES_AGGRESSIVE;
				GCC_WARN_UNUSED_FUNCTION = YES;
				GCC_WARN_UNUSED_VARIABLE = YES;
				IPHONEOS_DEPLOYMENT_TARGET = 8.0;
				MTL_ENABLE_DEBUG_INFO = NO;
				SDKROOT = iphoneos;
				TARGETED_DEVICE_FAMILY = "1,2";
				VALIDATE_PRODUCT = YES;
			};
			name = Release;
		};
		DA52BF651D278E060026EBD4 /* Debug */ = {
			isa = XCBuildConfiguration;
			buildSettings = {
				ASSETCATALOG_COMPILER_APPICON_NAME = AppIcon;
				CLANG_ENABLE_MODULES = YES;
				INFOPLIST_FILE = UISearchController/Info.plist;
				LD_RUNPATH_SEARCH_PATHS = "$(inherited) @executable_path/Frameworks";
				PRODUCT_BUNDLE_IDENTIFIER = com.Lv.UISearchController;
				PRODUCT_NAME = "$(TARGET_NAME)";
				SWIFT_OBJC_BRIDGING_HEADER = "UISearchController/UISearchController-Bridging-Header.h";
				SWIFT_OPTIMIZATION_LEVEL = "-Onone";
			};
			name = Debug;
		};
		DA52BF661D278E060026EBD4 /* Release */ = {
			isa = XCBuildConfiguration;
			buildSettings = {
				ASSETCATALOG_COMPILER_APPICON_NAME = AppIcon;
				CLANG_ENABLE_MODULES = YES;
				INFOPLIST_FILE = UISearchController/Info.plist;
				LD_RUNPATH_SEARCH_PATHS = "$(inherited) @executable_path/Frameworks";
				PRODUCT_BUNDLE_IDENTIFIER = com.Lv.UISearchController;
				PRODUCT_NAME = "$(TARGET_NAME)";
				SWIFT_OBJC_BRIDGING_HEADER = "UISearchController/UISearchController-Bridging-Header.h";
			};
			name = Release;
		};
		DA52BF681D278E060026EBD4 /* Debug */ = {
			isa = XCBuildConfiguration;
			buildSettings = {
				BUNDLE_LOADER = "$(TEST_HOST)";
				INFOPLIST_FILE = UISearchControllerTests/Info.plist;
				LD_RUNPATH_SEARCH_PATHS = "$(inherited) @executable_path/Frameworks @loader_path/Frameworks";
				PRODUCT_BUNDLE_IDENTIFIER = com.Lv.UISearchControllerTests;
				PRODUCT_NAME = "$(TARGET_NAME)";
				TEST_HOST = "$(BUILT_PRODUCTS_DIR)/UISearchController.app/UISearchController";
			};
			name = Debug;
		};
		DA52BF691D278E060026EBD4 /* Release */ = {
			isa = XCBuildConfiguration;
			buildSettings = {
				BUNDLE_LOADER = "$(TEST_HOST)";
				INFOPLIST_FILE = UISearchControllerTests/Info.plist;
				LD_RUNPATH_SEARCH_PATHS = "$(inherited) @executable_path/Frameworks @loader_path/Frameworks";
				PRODUCT_BUNDLE_IDENTIFIER = com.Lv.UISearchControllerTests;
				PRODUCT_NAME = "$(TARGET_NAME)";
				TEST_HOST = "$(BUILT_PRODUCTS_DIR)/UISearchController.app/UISearchController";
			};
			name = Release;
		};
		DA52BF6B1D278E060026EBD4 /* Debug */ = {
			isa = XCBuildConfiguration;
			buildSettings = {
				INFOPLIST_FILE = UISearchControllerUITests/Info.plist;
				LD_RUNPATH_SEARCH_PATHS = "$(inherited) @executable_path/Frameworks @loader_path/Frameworks";
				PRODUCT_BUNDLE_IDENTIFIER = com.Lv.UISearchControllerUITests;
				PRODUCT_NAME = "$(TARGET_NAME)";
				TEST_TARGET_NAME = UISearchController;
				USES_XCTRUNNER = YES;
			};
			name = Debug;
		};
		DA52BF6C1D278E060026EBD4 /* Release */ = {
			isa = XCBuildConfiguration;
			buildSettings = {
				INFOPLIST_FILE = UISearchControllerUITests/Info.plist;
				LD_RUNPATH_SEARCH_PATHS = "$(inherited) @executable_path/Frameworks @loader_path/Frameworks";
				PRODUCT_BUNDLE_IDENTIFIER = com.Lv.UISearchControllerUITests;
				PRODUCT_NAME = "$(TARGET_NAME)";
				TEST_TARGET_NAME = UISearchController;
				USES_XCTRUNNER = YES;
			};
			name = Release;
		};
/* End XCBuildConfiguration section */

/* Begin XCConfigurationList section */
		DA52BF371D278E050026EBD4 /* Build configuration list for PBXProject "UISearchController" */ = {
			isa = XCConfigurationList;
			buildConfigurations = (
				DA52BF621D278E060026EBD4 /* Debug */,
				DA52BF631D278E060026EBD4 /* Release */,
			);
			defaultConfigurationIsVisible = 0;
			defaultConfigurationName = Release;
		};
		DA52BF641D278E060026EBD4 /* Build configuration list for PBXNativeTarget "UISearchController" */ = {
			isa = XCConfigurationList;
			buildConfigurations = (
				DA52BF651D278E060026EBD4 /* Debug */,
				DA52BF661D278E060026EBD4 /* Release */,
			);
			defaultConfigurationIsVisible = 0;
		};
		DA52BF671D278E060026EBD4 /* Build configuration list for PBXNativeTarget "UISearchControllerTests" */ = {
			isa = XCConfigurationList;
			buildConfigurations = (
				DA52BF681D278E060026EBD4 /* Debug */,
				DA52BF691D278E060026EBD4 /* Release */,
			);
			defaultConfigurationIsVisible = 0;
		};
		DA52BF6A1D278E060026EBD4 /* Build configuration list for PBXNativeTarget "UISearchControllerUITests" */ = {
			isa = XCConfigurationList;
			buildConfigurations = (
				DA52BF6B1D278E060026EBD4 /* Debug */,
				DA52BF6C1D278E060026EBD4 /* Release */,
			);
			defaultConfigurationIsVisible = 0;
		};
/* End XCConfigurationList section */
	};
	rootObject = DA52BF341D278E050026EBD4 /* Project object */;
}
